github.com/joho/godotenv v1.5.1 h1:7eLL/+HRGLY0ldzfGMeQkb7vMd0as4CfYvUVzLqw0N0=
github.com/joho/godotenv v1.5.1/go.mod h1:f4LDr5Voq0i2e/R5DDNOoa2zzDfwtkZa6DnEwAbqwq4=
github.com/taiwd123/kpay_sdk v0.0.0-20230719072544-5dc79f88002a h1:2+c6BDg47EB9jwufhslPgg2lDolQfqJuzjdRnyfXlkw=
github.com/taiwd123/kpay_sdk v0.0.0-20230719072544-5dc79f88002a/go.mod h1:uEdTrS+CFifAaZnLkJs6Hq1X9rw3EiOJYnfgg50P7Xo=
